
Microsoft Visual Studio Solution File, Format Version 12.00
# Visual Studio Version 17
VisualStudioVersion = 17.4.33110.190
MinimumVisualStudioVersion = 10.0.40219.1
Project("{FAE04EC0-301F-11D3-BF4B-00C04F79EFBC}") = "TaskDelegatingWebApp", "TaskDelegatingWebApp.csproj", "{81F78DF0-8B70-4175-A881-203EF2432927}"
EndProject
Global
	GlobalSection(SolutionConfigurationPlatforms) = preSolution
		Debug|Any CPU = Debug|Any CPU
		Release|Any CPU = Release|Any CPU
	EndGlobalSection
	GlobalSection(ProjectConfigurationPlatforms) = postSolution
		{81F78DF0-8B70-4175-A881-203EF2432927}.Debug|Any CPU.ActiveCfg = Debug|Any CPU
		{81F78DF0-8B70-4175-A881-203EF2432927}.Debug|Any CPU.Build.0 = Debug|Any CPU
		{81F78DF0-8B70-4175-A881-203EF2432927}.Release|Any CPU.ActiveCfg = Release|Any CPU
		{81F78DF0-8B70-4175-A881-203EF2432927}.Release|Any CPU.Build.0 = Release|Any CPU
	EndGlobalSection
	GlobalSection(SolutionProperties) = preSolution
		HideSolutionNode = FALSE
	EndGlobalSection
	GlobalSection(ExtensibilityGlobals) = postSolution
		SolutionGuid = {A19FAEC5-C695-45AE-B8C1-E7FE32956D1B}
	EndGlobalSection
EndGlobal
